{
  "originHash" : "1c5314734b59e7692e07b72e9f1a8c71cb6e7f4924a82e403f795c54519d3a06",
  "pins" : [
    {
      "identity" : "capacitor-swift-pm",
      "kind" : "remoteSourceControl",
      "location" : "https://github.com/ionic-team/capacitor-swift-pm.git",
      "state" : {
        "revision" : "abbe3387892339dbb29a0022a5d802ebb693ac72",
        "version" : "7.5.0"
      }
    }
  ],
  "version" : 3
}
